
Microsoft Visual Studio Solution File, Format Version 12.00
# Visual Studio Version 16
VisualStudioVersion = 16.0.31005.135
MinimumVisualStudioVersion = 10.0.40219.1
Project("{FAE04EC0-301F-11D3-BF4B-00C04F79EFBC}") = "StudentFormTest", "StudentFormTest\StudentFormTest.csproj", "{94999C26-EEFC-49AA-B05B-2721A0292AF6}"
EndProject
Global
	GlobalSection(SolutionConfigurationPlatforms) = preSolution
		Debug|Any CPU = Debug|Any CPU
		Release|Any CPU = Release|Any CPU
	EndGlobalSection
	GlobalSection(ProjectConfigurationPlatforms) = postSolution
		{94999C26-EEFC-49AA-B05B-2721A0292AF6}.Debug|Any CPU.ActiveCfg = Debug|Any CPU
		{94999C26-EEFC-49AA-B05B-2721A0292AF6}.Debug|Any CPU.Build.0 = Debug|Any CPU
		{94999C26-EEFC-49AA-B05B-2721A0292AF6}.Release|Any CPU.ActiveCfg = Release|Any CPU
		{94999C26-EEFC-49AA-B05B-2721A0292AF6}.Release|Any CPU.Build.0 = Release|Any CPU
	EndGlobalSection
	GlobalSection(SolutionProperties) = preSolution
		HideSolutionNode = FALSE
	EndGlobalSection
	GlobalSection(ExtensibilityGlobals) = postSolution
		SolutionGuid = {8C89049B-C7B5-4207-9B1D-E02EEC458068}
	EndGlobalSection
EndGlobal
